
Microsoft Visual Studio Solution File, Format Version 12.00
# Visual Studio Version 16
VisualStudioVersion = 16.0.29728.190
MinimumVisualStudioVersion = 10.0.40219.1
Project("{FAE04EC0-301F-11D3-BF4B-00C04F79EFBC}") = "FileReader", "FileReader\FileReader.csproj", "{6E2E978D-B9F5-4E45-947A-90FE771C5EC1}"
EndProject
Project("{FAE04EC0-301F-11D3-BF4B-00C04F79EFBC}") = "SimpleClient", "SimpleClient\SimpleClient.csproj", "{23B4E96B-66C6-489A-BF67-9CAC77E9161F}"
EndProject
Global
	GlobalSection(SolutionConfigurationPlatforms) = preSolution
		Debug|Any CPU = Debug|Any CPU
		Release|Any CPU = Release|Any CPU
	EndGlobalSection
	GlobalSection(ProjectConfigurationPlatforms) = postSolution
		{6E2E978D-B9F5-4E45-947A-90FE771C5EC1}.Debug|Any CPU.ActiveCfg = Debug|Any CPU
		{6E2E978D-B9F5-4E45-947A-90FE771C5EC1}.Debug|Any CPU.Build.0 = Debug|Any CPU
		{6E2E978D-B9F5-4E45-947A-90FE771C5EC1}.Release|Any CPU.ActiveCfg = Release|Any CPU
		{6E2E978D-B9F5-4E45-947A-90FE771C5EC1}.Release|Any CPU.Build.0 = Release|Any CPU
		{23B4E96B-66C6-489A-BF67-9CAC77E9161F}.Debug|Any CPU.ActiveCfg = Debug|Any CPU
		{23B4E96B-66C6-489A-BF67-9CAC77E9161F}.Debug|Any CPU.Build.0 = Debug|Any CPU
		{23B4E96B-66C6-489A-BF67-9CAC77E9161F}.Release|Any CPU.ActiveCfg = Release|Any CPU
		{23B4E96B-66C6-489A-BF67-9CAC77E9161F}.Release|Any CPU.Build.0 = Release|Any CPU
	EndGlobalSection
	GlobalSection(SolutionProperties) = preSolution
		HideSolutionNode = FALSE
	EndGlobalSection
	GlobalSection(ExtensibilityGlobals) = postSolution
		SolutionGuid = {21890EDA-5A8B-46A8-96C8-F5FE50AE7C33}
	EndGlobalSection
EndGlobal
